
Microsoft Visual Studio Solution File, Format Version 12.00
Project("{FAE04EC0-301F-11D3-BF4B-00C04F79EFBC}") = "EcoPulseBackend", "EcoPulseBackend.csproj", "{160189B6-C0C6-4A3A-9296-3771531EBD77}"
EndProject
Project("{FAE04EC0-301F-11D3-BF4B-00C04F79EFBC}") = "EcoPulseWeatherService", "..\EcoPulseWeatherService\EcoPulseWeatherService.csproj", "{9470803E-87E6-4AFD-AA31-F4D47FC62AAF}"
EndProject
Project("{FAE04EC0-301F-11D3-BF4B-00C04F79EFBC}") = "EcoPulseBackendTests", "..\EcoPulseBackendTests\EcoPulseBackendTests.csproj", "{5C84160B-3DFC-47A0-88C2-24C3D8C234C9}"
EndProject
Project("{FAE04EC0-301F-11D3-BF4B-00C04F79EFBC}") = "EcoPulseTrafficService", "..\EcoPulseTrafficService\EcoPulseTrafficService.csproj", "{63CD6E6E-3144-416A-8983-5FBB24DEE9FC}"
EndProject
Global
	GlobalSection(SolutionConfigurationPlatforms) = preSolution
		Debug|Any CPU = Debug|Any CPU
		Release|Any CPU = Release|Any CPU
	EndGlobalSection
	GlobalSection(ProjectConfigurationPlatforms) = postSolution
		{160189B6-C0C6-4A3A-9296-3771531EBD77}.Debug|Any CPU.ActiveCfg = Debug|Any CPU
		{160189B6-C0C6-4A3A-9296-3771531EBD77}.Debug|Any CPU.Build.0 = Debug|Any CPU
		{160189B6-C0C6-4A3A-9296-3771531EBD77}.Release|Any CPU.ActiveCfg = Release|Any CPU
		{160189B6-C0C6-4A3A-9296-3771531EBD77}.Release|Any CPU.Build.0 = Release|Any CPU
		{9470803E-87E6-4AFD-AA31-F4D47FC62AAF}.Debug|Any CPU.ActiveCfg = Debug|Any CPU
		{9470803E-87E6-4AFD-AA31-F4D47FC62AAF}.Debug|Any CPU.Build.0 = Debug|Any CPU
		{9470803E-87E6-4AFD-AA31-F4D47FC62AAF}.Release|Any CPU.ActiveCfg = Release|Any CPU
		{9470803E-87E6-4AFD-AA31-F4D47FC62AAF}.Release|Any CPU.Build.0 = Release|Any CPU
		{5C84160B-3DFC-47A0-88C2-24C3D8C234C9}.Debug|Any CPU.ActiveCfg = Debug|Any CPU
		{5C84160B-3DFC-47A0-88C2-24C3D8C234C9}.Debug|Any CPU.Build.0 = Debug|Any CPU
		{5C84160B-3DFC-47A0-88C2-24C3D8C234C9}.Release|Any CPU.ActiveCfg = Release|Any CPU
		{5C84160B-3DFC-47A0-88C2-24C3D8C234C9}.Release|Any CPU.Build.0 = Release|Any CPU
		{63CD6E6E-3144-416A-8983-5FBB24DEE9FC}.Debug|Any CPU.ActiveCfg = Debug|Any CPU
		{63CD6E6E-3144-416A-8983-5FBB24DEE9FC}.Debug|Any CPU.Build.0 = Debug|Any CPU
		{63CD6E6E-3144-416A-8983-5FBB24DEE9FC}.Release|Any CPU.ActiveCfg = Release|Any CPU
		{63CD6E6E-3144-416A-8983-5FBB24DEE9FC}.Release|Any CPU.Build.0 = Release|Any CPU
	EndGlobalSection
EndGlobal
